// !$*UTF8*$!
{
	archiveVersion = 1;
	classes = {
	};
	objectVersion = 50;
	objects = {

/* Begin PBXBuildFile section */
		398C66A622C5E798007CAFFD /* AppDelegate.swift in Sources */ = {isa = PBXBuildFile; fileRef = 398C66A522C5E798007CAFFD /* AppDelegate.swift */; };
		398C66A822C5E798007CAFFD /* ViewController.swift in Sources */ = {isa = PBXBuildFile; fileRef = 398C66A722C5E798007CAFFD /* ViewController.swift */; };
		398C66AB22C5E798007CAFFD /* Main.storyboard in Resources */ = {isa = PBXBuildFile; fileRef = 398C66A922C5E798007CAFFD /* Main.storyboard */; };
		398C66AD22C5E799007CAFFD /* Assets.xcassets in Resources */ = {isa = PBXBuildFile; fileRef = 398C66AC22C5E799007CAFFD /* Assets.xcassets */; };
		398C66B022C5E799007CAFFD /* LaunchScreen.storyboard in Resources */ = {isa = PBXBuildFile; fileRef = 398C66AE22C5E799007CAFFD /* LaunchScreen.storyboard */; };
		7A1FAE4F5F6B11EDAF74A9AE /* Pods_tableTodo.framework in Frameworks */ = {isa = PBXBuildFile; fileRef = F3304C0B3035645BC883831B /* Pods_tableTodo.framework */; };
/* End PBXBuildFile section */

/* Begin PBXFileReference section */
		398C66A222C5E798007CAFFD /* tableTodo.app */ = {isa = PBXFileReference; explicitFileType = wrapper.application; includeInIndex = 0; path = tableTodo.app; sourceTree = BUILT_PRODUCTS_DIR; };
		398C66A522C5E798007CAFFD /* AppDelegate.swift */ = {isa = PBXFileReference; lastKnownFileType = sourcecode.swift; path = AppDelegate.swift; sourceTree = "<group>"; };
		398C66A722C5E798007CAFFD /* ViewController.swift */ = {isa = PBXFileReference; lastKnownFileType = sourcecode.swift; path = ViewController.swift; sourceTree = "<group>"; };
		398C66AA22C5E798007CAFFD /* Base */ = {isa = PBXFileReference; lastKnownFileType = file.storyboard; name = Base; path = Base.lproj/Main.storyboard; sourceTree = "<group>"; };
		398C66AC22C5E799007CAFFD /* Assets.xcassets */ = {isa = PBXFileReference; lastKnownFileType = folder.assetcatalog; path = Assets.xcassets; sourceTree = "<group>"; };
		398C66AF22C5E799007CAFFD /* Base */ = {isa = PBXFileReference; lastKnownFileType = file.storyboard; name = Base; path = Base.lproj/LaunchScreen.storyboard; sourceTree = "<group>"; };
		398C66B122C5E799007CAFFD /* Info.plist */ = {isa = PBXFileReference; lastKnownFileType = text.plist.xml; path = Info.plist; sourceTree = "<group>"; };
		AAC733B391B64CE42759C04F /* Pods-tableTodo.release.xcconfig */ = {isa = PBXFileReference; includeInIndex = 1; lastKnownFileType = text.xcconfig; name = "Pods-tableTodo.release.xcconfig"; path = "Target Support Files/Pods-tableTodo/Pods-tableTodo.release.xcconfig"; sourceTree = "<group>"; };
		C810AC66A6B8AD7753005B53 /* Pods-tableTodo.debug.xcconfig */ = {isa = PBXFileReference; includeInIndex = 1; lastKnownFileType = text.xcconfig; name = "Pods-tableTodo.debug.xcconfig"; path = "Target Support Files/Pods-tableTodo/Pods-tableTodo.debug.xcconfig"; sourceTree = "<group>"; };
		F3304C0B3035645BC883831B /* Pods_tableTodo.framework */ = {isa = PBXFileReference; explicitFileType = wrapper.framework; includeInIndex = 0; path = Pods_tableTodo.framework; sourceTree = BUILT_PRODUCTS_DIR; };
/* End PBXFileReference section */

/* Begin PBXFrameworksBuildPhase section */
		398C669F22C5E798007CAFFD /* Frameworks */ = {
			isa = PBXFrameworksBuildPhase;
			buildActionMask = 2147483647;
			files = (
				7A1FAE4F5F6B11EDAF74A9AE /* Pods_tableTodo.framework in Frameworks */,
			);
			runOnlyForDeploymentPostprocessing = 0;
		};
/* End PBXFrameworksBuildPhase section */

/* Begin PBXGroup section */
		398C669922C5E798007CAFFD = {
			isa = PBXGroup;
			children = (
				398C66A422C5E798007CAFFD /* tableTodo */,
				398C66A322C5E798007CAFFD /* Products */,
				8756311C2F68731129CDFED7 /* Pods */,
				59A8D1B635D0B15CCCF04E0F /* Frameworks */,
			);
			sourceTree = "<group>";
		};
		398C66A322C5E798007CAFFD /* Products */ = {
			isa = PBXGroup;
			children = (
				398C66A222C5E798007CAFFD /* tableTodo.app */,
			);
			name = Products;
			sourceTree = "<group>";
		};
		398C66A422C5E798007CAFFD /* tableTodo */ = {
			isa = PBXGroup;
			children = (
				398C66A522C5E798007CAFFD /* AppDelegate.swift */,
				398C66A722C5E798007CAFFD /* ViewController.swift */,
				398C66A922C5E798007CAFFD /* Main.storyboard */,
				398C66AC22C5E799007CAFFD /* Assets.xcassets */,
				398C66AE22C5E799007CAFFD /* LaunchScreen.storyboard */,
				398C66B122C5E799007CAFFD /* Info.plist */,
			);
			path = tableTodo;
			sourceTree = "<group>";
		};
		59A8D1B635D0B15CCCF04E0F /* Frameworks */ = {
			isa = PBXGroup;
			children = (
				F3304C0B3035645BC883831B /* Pods_tableTodo.framework */,
			);
			name = Frameworks;
			sourceTree = "<group>";
		};
		8756311C2F68731129CDFED7 /* Pods */ = {
			isa = PBXGroup;
			children = (
				C810AC66A6B8AD7753005B53 /* Pods-tableTodo.debug.xcconfig */,
				AAC733B391B64CE42759C04F /* Pods-tableTodo.release.xcconfig */,
			);
			name = Pods;
			path = Pods;
			sourceTree = "<group>";
		};
/* End PBXGroup section */

/* Begin PBXNativeTarget section */
		398C66A122C5E798007CAFFD /* tableTodo */ = {
			isa = PBXNativeTarget;
			buildConfigurationList = 398C66B422C5E799007CAFFD /* Build configuration list for PBXNativeTarget "tableTodo" */;
			buildPhases = (
				DCE76B6244EC046A095996C5 /* [CP] Check Pods Manifest.lock */,
				398C669E22C5E798007CAFFD /* Sources */,
				398C669F22C5E798007CAFFD /* Frameworks */,
				398C66A022C5E798007CAFFD /* Resources */,
				00E0D0D44F6E30B1B935DF4E /* [CP] Embed Pods Frameworks */,
			);
			buildRules = (
			);
			dependencies = (
			);
			name = tableTodo;
			productName = tableTodo;
			productReference = 398C66A222C5E798007CAFFD /* tableTodo.app */;
			productType = "com.apple.product-type.application";
		};
/* End PBXNativeTarget section */

/* Begin PBXProject section */
		398C669A22C5E798007CAFFD /* Project object */ = {
			isa = PBXProject;
			attributes = {
				LastSwiftUpdateCheck = 1020;
				LastUpgradeCheck = 1020;
				ORGANIZATIONNAME = "Digital Media Dept";
				TargetAttributes = {
					398C66A122C5E798007CAFFD = {
						CreatedOnToolsVersion = 10.2.1;
					};
				};
			};
			buildConfigurationList = 398C669D22C5E798007CAFFD /* Build configuration list for PBXProject "tableTodo" */;
			compatibilityVersion = "Xcode 9.3";
			developmentRegion = en;
			hasScannedForEncodings = 0;
			knownRegions = (
				en,
				Base,
			);
			mainGroup = 398C669922C5E798007CAFFD;
			productRefGroup = 398C66A322C5E798007CAFFD /* Products */;
			projectDirPath = "";
			projectRoot = "";
			targets = (
				398C66A122C5E798007CAFFD /* tableTodo */,
			);
		};
/* End PBXProject section */

/* Begin PBXResourcesBuildPhase section */
		398C66A022C5E798007CAFFD /* Resources */ = {
			isa = PBXResourcesBuildPhase;
			buildActionMask = 2147483647;
			files = (
				398C66B022C5E799007CAFFD /* LaunchScreen.storyboard in Resources */,
				398C66AD22C5E799007CAFFD /* Assets.xcassets in Resources */,
				398C66AB22C5E798007CAFFD /* Main.storyboard in Resources */,
			);
			runOnlyForDeploymentPostprocessing = 0;
		};
/* End PBXResourcesBuildPhase section */

/* Begin PBXShellScriptBuildPhase section */
		00E0D0D44F6E30B1B935DF4E /* [CP] Embed Pods Frameworks */ = {
			isa = PBXShellScriptBuildPhase;
			buildActionMask = 2147483647;
			files = (
			);
			inputFileListPaths = (
				"${PODS_ROOT}/Target Support Files/Pods-tableTodo/Pods-tableTodo-frameworks-${CONFIGURATION}-input-files.xcfilelist",
			);
			name = "[CP] Embed Pods Frameworks";
			outputFileListPaths = (
				"${PODS_ROOT}/Target Support Files/Pods-tableTodo/Pods-tableTodo-frameworks-${CONFIGURATION}-output-files.xcfilelist",
			);
			runOnlyForDeploymentPostprocessing = 0;
			shellPath = /bin/sh;
			shellScript = "\"${PODS_ROOT}/Target Support Files/Pods-tableTodo/Pods-tableTodo-frameworks.sh\"\n";
			showEnvVarsInLog = 0;
		};
		DCE76B6244EC046A095996C5 /* [CP] Check Pods Manifest.lock */ = {
			isa = PBXShellScriptBuildPhase;
			buildActionMask = 2147483647;
			files = (
			);
			inputFileListPaths = (
			);
			inputPaths = (
				"${PODS_PODFILE_DIR_PATH}/Podfile.lock",
				"${PODS_ROOT}/Manifest.lock",
			);
			name = "[CP] Check Pods Manifest.lock";
			outputFileListPaths = (
			);
			outputPaths = (
				"$(DERIVED_FILE_DIR)/Pods-tableTodo-checkManifestLockResult.txt",
			);
			runOnlyForDeploymentPostprocessing = 0;
			shellPath = /bin/sh;
			shellScript = "diff \"${PODS_PODFILE_DIR_PATH}/Podfile.lock\" \"${PODS_ROOT}/Manifest.lock\" > /dev/null\nif [ $? != 0 ] ; then\n    # print error to STDERR\n    echo \"error: The sandbox is not in sync with the Podfile.lock. Run 'pod install' or update your CocoaPods installation.\" >&2\n    exit 1\nfi\n# This output is used by Xcode 'outputs' to avoid re-running this script phase.\necho \"SUCCESS\" > \"${SCRIPT_OUTPUT_FILE_0}\"\n";
			showEnvVarsInLog = 0;
		};
/* End PBXShellScriptBuildPhase section */

/* Begin PBXSourcesBuildPhase section */
		398C669E22C5E798007CAFFD /* Sources */ = {
			isa = PBXSourcesBuildPhase;
			buildActionMask = 2147483647;
			files = (
				398C66A822C5E798007CAFFD /* ViewController.swift in Sources */,
				398C66A622C5E798007CAFFD /* AppDelegate.swift in Sources */,
			);
			runOnlyForDeploymentPostprocessing = 0;
		};
/* End PBXSourcesBuildPhase section */

/* Begin PBXVariantGroup section */
		398C66A922C5E798007CAFFD /* Main.storyboard */ = {
			isa = PBXVariantGroup;
			children = (
				398C66AA22C5E798007CAFFD /* Base */,
			);
			name = Main.storyboard;
			sourceTree = "<group>";
		};
		398C66AE22C5E799007CAFFD /* LaunchScreen.storyboard */ = {
			isa = PBXVariantGroup;
			children = (
				398C66AF22C5E799007CAFFD /* Base */,
			);
			name = LaunchScreen.storyboard;
			sourceTree = "<group>";
		};
/* End PBXVariantGroup section */

/* Begin XCBuildConfiguration section */
		398C66B222C5E799007CAFFD /* Debug */ = {
			isa = XCBuildConfiguration;
			buildSettings = {
				ALWAYS_SEARCH_USER_PATHS = NO;
				CLANG_ANALYZER_NONNULL = YES;
				CLANG_ANALYZER_NUMBER_OBJECT_CONVERSION = YES_AGGRESSIVE;
				CLANG_CXX_LANGUAGE_STANDARD = "gnu++14";
				CLANG_CXX_LIBRARY = "libc++";
				CLANG_ENABLE_MODULES = YES;
				CLANG_ENABLE_OBJC_ARC = YES;
				CLANG_ENABLE_OBJC_WEAK = YES;
				CLANG_WARN_BLOCK_CAPTURE_AUTORELEASING = YES;
				CLANG_WARN_BOOL_CONVERSION = YES;
				CLANG_WARN_COMMA = YES;
				CLANG_WARN_CONSTANT_CONVERSION = YES;
				CLANG_WARN_DEPRECATED_OBJC_IMPLEMENTATIONS = YES;
				CLANG_WARN_DIRECT_OBJC_ISA_USAGE = YES_ERROR;
				CLANG_WARN_DOCUMENTATION_COMMENTS = YES;
				CLANG_WARN_EMPTY_BODY = YES;
				CLANG_WARN_ENUM_CONVERSION = YES;
				CLANG_WARN_INFINITE_RECURSION = YES;
				CLANG_WARN_INT_CONVERSION = YES;
				CLANG_WARN_NON_LITERAL_NULL_CONVERSION = YES;
				CLANG_WARN_OBJC_IMPLICIT_RETAIN_SELF = YES;
				CLANG_WARN_OBJC_LITERAL_CONVERSION = YES;
				CLANG_WARN_OBJC_ROOT_CLASS = YES_ERROR;
				CLANG_WARN_RANGE_LOOP_ANALYSIS = YES;
				CLANG_WARN_STRICT_PROTOTYPES = YES;
				CLANG_WARN_SUSPICIOUS_MOVE = YES;
				CLANG_WARN_UNGUARDED_AVAILABILITY = YES_AGGRESSIVE;
				CLANG_WARN_UNREACHABLE_CODE = YES;
				CLANG_WARN__DUPLICATE_METHOD_MATCH = YES;
				CODE_SIGN_IDENTITY = "iPhone Developer";
				COPY_PHASE_STRIP = NO;
				DEBUG_INFORMATION_FORMAT = dwarf;
				ENABLE_STRICT_OBJC_MSGSEND = YES;
				ENABLE_TESTABILITY = YES;
				GCC_C_LANGUAGE_STANDARD = gnu11;
				GCC_DYNAMIC_NO_PIC = NO;
				GCC_NO_COMMON_BLOCKS = YES;
				GCC_OPTIMIZATION_LEVEL = 0;
				GCC_PREPROCESSOR_DEFINITIONS = (
					"DEBUG=1",
					"$(inherited)",
				);
				GCC_WARN_64_TO_32_BIT_CONVERSION = YES;
				GCC_WARN_ABOUT_RETURN_TYPE = YES_ERROR;
				GCC_WARN_UNDECLARED_SELECTOR = YES;
				GCC_WARN_UNINITIALIZED_AUTOS = YES_AGGRESSIVE;
				GCC_WARN_UNUSED_FUNCTION = YES;
				GCC_WARN_UNUSED_VARIABLE = YES;
				IPHONEOS_DEPLOYMENT_TARGET = 12.2;
				MTL_ENABLE_DEBUG_INFO = INCLUDE_SOURCE;
				MTL_FAST_MATH = YES;
				ONLY_ACTIVE_ARCH = YES;
				SDKROOT = iphoneos;
				SWIFT_ACTIVE_COMPILATION_CONDITIONS = DEBUG;
				SWIFT_OPTIMIZATION_LEVEL = "-Onone";
			};
			name = Debug;
		};
		398C66B322C5E799007CAFFD /* Release */ = {
			isa = XCBuildConfiguration;
			buildSettings = {
				ALWAYS_SEARCH_USER_PATHS = NO;
				CLANG_ANALYZER_NONNULL = YES;
				CLANG_ANALYZER_NUMBER_OBJECT_CONVERSION = YES_AGGRESSIVE;
				CLANG_CXX_LANGUAGE_STANDARD = "gnu++14";
				CLANG_CXX_LIBRARY = "libc++";
				CLANG_ENABLE_MODULES = YES;
				CLANG_ENABLE_OBJC_ARC = YES;
				CLANG_ENABLE_OBJC_WEAK = YES;
				CLANG_WARN_BLOCK_CAPTURE_AUTORELEASING = YES;
				CLANG_WARN_BOOL_CONVERSION = YES;
				CLANG_WARN_COMMA = YES;
				CLANG_WARN_CONSTANT_CONVERSION = YES;
				CLANG_WARN_DEPRECATED_OBJC_IMPLEMENTATIONS = YES;
				CLANG_WARN_DIRECT_OBJC_ISA_USAGE = YES_ERROR;
				CLANG_WARN_DOCUMENTATION_COMMENTS = YES;
				CLANG_WARN_EMPTY_BODY = YES;
				CLANG_WARN_ENUM_CONVERSION = YES;
				CLANG_WARN_INFINITE_RECURSION = YES;
				CLANG_WARN_INT_CONVERSION = YES;
				CLANG_WARN_NON_LITERAL_NULL_CONVERSION = YES;
				CLANG_WARN_OBJC_IMPLICIT_RETAIN_SELF = YES;
				CLANG_WARN_OBJC_LITERAL_CONVERSION = YES;
				CLANG_WARN_OBJC_ROOT_CLASS = YES_ERROR;
				CLANG_WARN_RANGE_LOOP_ANALYSIS = YES;
				CLANG_WARN_STRICT_PROTOTYPES = YES;
				CLANG_WARN_SUSPICIOUS_MOVE = YES;
				CLANG_WARN_UNGUARDED_AVAILABILITY = YES_AGGRESSIVE;
				CLANG_WARN_UNREACHABLE_CODE = YES;
				CLANG_WARN__DUPLICATE_METHOD_MATCH = YES;
				CODE_SIGN_IDENTITY = "iPhone Developer";
				COPY_PHASE_STRIP = NO;
				DEBUG_INFORMATION_FORMAT = "dwarf-with-dsym";
				ENABLE_NS_ASSERTIONS = NO;
				ENABLE_STRICT_OBJC_MSGSEND = YES;
				GCC_C_LANGUAGE_STANDARD = gnu11;
				GCC_NO_COMMON_BLOCKS = YES;
				GCC_WARN_64_TO_32_BIT_CONVERSION = YES;
				GCC_WARN_ABOUT_RETURN_TYPE = YES_ERROR;
				GCC_WARN_UNDECLARED_SELECTOR = YES;
				GCC_WARN_UNINITIALIZED_AUTOS = YES_AGGRESSIVE;
				GCC_WARN_UNUSED_FUNCTION = YES;
				GCC_WARN_UNUSED_VARIABLE = YES;
				IPHONEOS_DEPLOYMENT_TARGET = 12.2;
				MTL_ENABLE_DEBUG_INFO = NO;
				MTL_FAST_MATH = YES;
				SDKROOT = iphoneos;
				SWIFT_COMPILATION_MODE = wholemodule;
				SWIFT_OPTIMIZATION_LEVEL = "-O";
				VALIDATE_PRODUCT = YES;
			};
			name = Release;
		};
		398C66B522C5E799007CAFFD /* Debug */ = {
			isa = XCBuildConfiguration;
			baseConfigurationReference = C810AC66A6B8AD7753005B53 /* Pods-tableTodo.debug.xcconfig */;
			buildSettings = {
				ASSETCATALOG_COMPILER_APPICON_NAME = AppIcon;
				CODE_SIGN_STYLE = Automatic;
				INFOPLIST_FILE = tableTodo/Info.plist;
				LD_RUNPATH_SEARCH_PATHS = (
					"$(inherited)",
					"@executable_path/Frameworks",
				);
				PRODUCT_BUNDLE_IDENTIFIER = kr.ac.swu.tableTodo;
				PRODUCT_NAME = "$(TARGET_NAME)";
				SWIFT_VERSION = 5.0;
				TARGETED_DEVICE_FAMILY = "1,2";
			};
			name = Debug;
		};
		398C66B622C5E799007CAFFD /* Release */ = {
			isa = XCBuildConfiguration;
			baseConfigurationReference = AAC733B391B64CE42759C04F /* Pods-tableTodo.release.xcconfig */;
			buildSettings = {
				ASSETCATALOG_COMPILER_APPICON_NAME = AppIcon;
				CODE_SIGN_STYLE = Automatic;
				INFOPLIST_FILE = tableTodo/Info.plist;
				LD_RUNPATH_SEARCH_PATHS = (
					"$(inherited)",
					"@executable_path/Frameworks",
				);
				PRODUCT_BUNDLE_IDENTIFIER = kr.ac.swu.tableTodo;
				PRODUCT_NAME = "$(TARGET_NAME)";
				SWIFT_VERSION = 5.0;
				TARGETED_DEVICE_FAMILY = "1,2";
			};
			name = Release;
		};
/* End XCBuildConfiguration section */

/* Begin XCConfigurationList section */
		398C669D22C5E798007CAFFD /* Build configuration list for PBXProject "tableTodo" */ = {
			isa = XCConfigurationList;
			buildConfigurations = (
				398C66B222C5E799007CAFFD /* Debug */,
				398C66B322C5E799007CAFFD /* Release */,
			);
			defaultConfigurationIsVisible = 0;
			defaultConfigurationName = Release;
		};
		398C66B422C5E799007CAFFD /* Build configuration list for PBXNativeTarget "tableTodo" */ = {
			isa = XCConfigurationList;
			buildConfigurations = (
				398C66B522C5E799007CAFFD /* Debug */,
				398C66B622C5E799007CAFFD /* Release */,
			);
			defaultConfigurationIsVisible = 0;
			defaultConfigurationName = Release;
		};
/* End XCConfigurationList section */
	};
	rootObject = 398C669A22C5E798007CAFFD /* Project object */;
}
