// !$*UTF8*$!
{
	archiveVersion = 1;
	classes = {
	};
	objectVersion = 50;
	objects = {

/* Begin PBXBuildFile section */
		28ADD41CE44BBBC984998A45 /* Pods_tableView.framework in Frameworks */ = {isa = PBXBuildFile; fileRef = DAAAA6847881BCEECF3A7D6B /* Pods_tableView.framework */; };
		39E5993422C4977F00EB933B /* AppDelegate.swift in Sources */ = {isa = PBXBuildFile; fileRef = 39E5993322C4977F00EB933B /* AppDelegate.swift */; };
		39E5993622C4977F00EB933B /* ViewController.swift in Sources */ = {isa = PBXBuildFile; fileRef = 39E5993522C4977F00EB933B /* ViewController.swift */; };
		39E5993922C4977F00EB933B /* Main.storyboard in Resources */ = {isa = PBXBuildFile; fileRef = 39E5993722C4977F00EB933B /* Main.storyboard */; };
		39E5993B22C4977F00EB933B /* Assets.xcassets in Resources */ = {isa = PBXBuildFile; fileRef = 39E5993A22C4977F00EB933B /* Assets.xcassets */; };
		39E5993E22C4977F00EB933B /* LaunchScreen.storyboard in Resources */ = {isa = PBXBuildFile; fileRef = 39E5993C22C4977F00EB933B /* LaunchScreen.storyboard */; };
		39E5994A22C49F8D00EB933B /* LottoCell.swift in Sources */ = {isa = PBXBuildFile; fileRef = 39E5994922C49F8D00EB933B /* LottoCell.swift */; };
/* End PBXBuildFile section */

/* Begin PBXFileReference section */
		23877D2A12963AC38E7E67AF /* Pods-tableView.debug.xcconfig */ = {isa = PBXFileReference; includeInIndex = 1; lastKnownFileType = text.xcconfig; name = "Pods-tableView.debug.xcconfig"; path = "Target Support Files/Pods-tableView/Pods-tableView.debug.xcconfig"; sourceTree = "<group>"; };
		39E5993022C4977E00EB933B /* tableView.app */ = {isa = PBXFileReference; explicitFileType = wrapper.application; includeInIndex = 0; path = tableView.app; sourceTree = BUILT_PRODUCTS_DIR; };
		39E5993322C4977F00EB933B /* AppDelegate.swift */ = {isa = PBXFileReference; lastKnownFileType = sourcecode.swift; path = AppDelegate.swift; sourceTree = "<group>"; };
		39E5993522C4977F00EB933B /* ViewController.swift */ = {isa = PBXFileReference; lastKnownFileType = sourcecode.swift; path = ViewController.swift; sourceTree = "<group>"; };
		39E5993822C4977F00EB933B /* Base */ = {isa = PBXFileReference; lastKnownFileType = file.storyboard; name = Base; path = Base.lproj/Main.storyboard; sourceTree = "<group>"; };
		39E5993A22C4977F00EB933B /* Assets.xcassets */ = {isa = PBXFileReference; lastKnownFileType = folder.assetcatalog; path = Assets.xcassets; sourceTree = "<group>"; };
		39E5993D22C4977F00EB933B /* Base */ = {isa = PBXFileReference; lastKnownFileType = file.storyboard; name = Base; path = Base.lproj/LaunchScreen.storyboard; sourceTree = "<group>"; };
		39E5993F22C4977F00EB933B /* Info.plist */ = {isa = PBXFileReference; lastKnownFileType = text.plist.xml; path = Info.plist; sourceTree = "<group>"; };
		39E5994922C49F8D00EB933B /* LottoCell.swift */ = {isa = PBXFileReference; lastKnownFileType = sourcecode.swift; path = LottoCell.swift; sourceTree = "<group>"; };
		76D48C369EFC7F893C7F2B80 /* Pods-tableView.release.xcconfig */ = {isa = PBXFileReference; includeInIndex = 1; lastKnownFileType = text.xcconfig; name = "Pods-tableView.release.xcconfig"; path = "Target Support Files/Pods-tableView/Pods-tableView.release.xcconfig"; sourceTree = "<group>"; };
		DAAAA6847881BCEECF3A7D6B /* Pods_tableView.framework */ = {isa = PBXFileReference; explicitFileType = wrapper.framework; includeInIndex = 0; path = Pods_tableView.framework; sourceTree = BUILT_PRODUCTS_DIR; };
/* End PBXFileReference section */

/* Begin PBXFrameworksBuildPhase section */
		39E5992D22C4977E00EB933B /* Frameworks */ = {
			isa = PBXFrameworksBuildPhase;
			buildActionMask = 2147483647;
			files = (
				28ADD41CE44BBBC984998A45 /* Pods_tableView.framework in Frameworks */,
			);
			runOnlyForDeploymentPostprocessing = 0;
		};
/* End PBXFrameworksBuildPhase section */

/* Begin PBXGroup section */
		0E69DDCF5EE86AAEF6647165 /* Pods */ = {
			isa = PBXGroup;
			children = (
				23877D2A12963AC38E7E67AF /* Pods-tableView.debug.xcconfig */,
				76D48C369EFC7F893C7F2B80 /* Pods-tableView.release.xcconfig */,
			);
			name = Pods;
			path = Pods;
			sourceTree = "<group>";
		};
		39E5992722C4977E00EB933B = {
			isa = PBXGroup;
			children = (
				39E5993222C4977E00EB933B /* tableView */,
				39E5993122C4977E00EB933B /* Products */,
				0E69DDCF5EE86AAEF6647165 /* Pods */,
				6D3C7DBC9F6E676A1CFD0061 /* Frameworks */,
			);
			sourceTree = "<group>";
		};
		39E5993122C4977E00EB933B /* Products */ = {
			isa = PBXGroup;
			children = (
				39E5993022C4977E00EB933B /* tableView.app */,
			);
			name = Products;
			sourceTree = "<group>";
		};
		39E5993222C4977E00EB933B /* tableView */ = {
			isa = PBXGroup;
			children = (
				39E5993322C4977F00EB933B /* AppDelegate.swift */,
				39E5993522C4977F00EB933B /* ViewController.swift */,
				39E5993722C4977F00EB933B /* Main.storyboard */,
				39E5993A22C4977F00EB933B /* Assets.xcassets */,
				39E5993C22C4977F00EB933B /* LaunchScreen.storyboard */,
				39E5993F22C4977F00EB933B /* Info.plist */,
				39E5994922C49F8D00EB933B /* LottoCell.swift */,
			);
			path = tableView;
			sourceTree = "<group>";
		};
		6D3C7DBC9F6E676A1CFD0061 /* Frameworks */ = {
			isa = PBXGroup;
			children = (
				DAAAA6847881BCEECF3A7D6B /* Pods_tableView.framework */,
			);
			name = Frameworks;
			sourceTree = "<group>";
		};
/* End PBXGroup section */

/* Begin PBXNativeTarget section */
		39E5992F22C4977E00EB933B /* tableView */ = {
			isa = PBXNativeTarget;
			buildConfigurationList = 39E5994222C4977F00EB933B /* Build configuration list for PBXNativeTarget "tableView" */;
			buildPhases = (
				4B7079946771077F5EC418C1 /* [CP] Check Pods Manifest.lock */,
				39E5992C22C4977E00EB933B /* Sources */,
				39E5992D22C4977E00EB933B /* Frameworks */,
				39E5992E22C4977E00EB933B /* Resources */,
				BA9B9D2BF58D9EE2E02DDBD9 /* [CP] Embed Pods Frameworks */,
			);
			buildRules = (
			);
			dependencies = (
			);
			name = tableView;
			productName = tableView;
			productReference = 39E5993022C4977E00EB933B /* tableView.app */;
			productType = "com.apple.product-type.application";
		};
/* End PBXNativeTarget section */

/* Begin PBXProject section */
		39E5992822C4977E00EB933B /* Project object */ = {
			isa = PBXProject;
			attributes = {
				LastSwiftUpdateCheck = 1020;
				LastUpgradeCheck = 1020;
				ORGANIZATIONNAME = "Digital Media Dept";
				TargetAttributes = {
					39E5992F22C4977E00EB933B = {
						CreatedOnToolsVersion = 10.2.1;
					};
				};
			};
			buildConfigurationList = 39E5992B22C4977E00EB933B /* Build configuration list for PBXProject "tableView" */;
			compatibilityVersion = "Xcode 9.3";
			developmentRegion = en;
			hasScannedForEncodings = 0;
			knownRegions = (
				en,
				Base,
			);
			mainGroup = 39E5992722C4977E00EB933B;
			productRefGroup = 39E5993122C4977E00EB933B /* Products */;
			projectDirPath = "";
			projectRoot = "";
			targets = (
				39E5992F22C4977E00EB933B /* tableView */,
			);
		};
/* End PBXProject section */

/* Begin PBXResourcesBuildPhase section */
		39E5992E22C4977E00EB933B /* Resources */ = {
			isa = PBXResourcesBuildPhase;
			buildActionMask = 2147483647;
			files = (
				39E5993E22C4977F00EB933B /* LaunchScreen.storyboard in Resources */,
				39E5993B22C4977F00EB933B /* Assets.xcassets in Resources */,
				39E5993922C4977F00EB933B /* Main.storyboard in Resources */,
			);
			runOnlyForDeploymentPostprocessing = 0;
		};
/* End PBXResourcesBuildPhase section */

/* Begin PBXShellScriptBuildPhase section */
		4B7079946771077F5EC418C1 /* [CP] Check Pods Manifest.lock */ = {
			isa = PBXShellScriptBuildPhase;
			buildActionMask = 2147483647;
			files = (
			);
			inputFileListPaths = (
			);
			inputPaths = (
				"${PODS_PODFILE_DIR_PATH}/Podfile.lock",
				"${PODS_ROOT}/Manifest.lock",
			);
			name = "[CP] Check Pods Manifest.lock";
			outputFileListPaths = (
			);
			outputPaths = (
				"$(DERIVED_FILE_DIR)/Pods-tableView-checkManifestLockResult.txt",
			);
			runOnlyForDeploymentPostprocessing = 0;
			shellPath = /bin/sh;
			shellScript = "diff \"${PODS_PODFILE_DIR_PATH}/Podfile.lock\" \"${PODS_ROOT}/Manifest.lock\" > /dev/null\nif [ $? != 0 ] ; then\n    # print error to STDERR\n    echo \"error: The sandbox is not in sync with the Podfile.lock. Run 'pod install' or update your CocoaPods installation.\" >&2\n    exit 1\nfi\n# This output is used by Xcode 'outputs' to avoid re-running this script phase.\necho \"SUCCESS\" > \"${SCRIPT_OUTPUT_FILE_0}\"\n";
			showEnvVarsInLog = 0;
		};
		BA9B9D2BF58D9EE2E02DDBD9 /* [CP] Embed Pods Frameworks */ = {
			isa = PBXShellScriptBuildPhase;
			buildActionMask = 2147483647;
			files = (
			);
			inputFileListPaths = (
				"${PODS_ROOT}/Target Support Files/Pods-tableView/Pods-tableView-frameworks-${CONFIGURATION}-input-files.xcfilelist",
			);
			name = "[CP] Embed Pods Frameworks";
			outputFileListPaths = (
				"${PODS_ROOT}/Target Support Files/Pods-tableView/Pods-tableView-frameworks-${CONFIGURATION}-output-files.xcfilelist",
			);
			runOnlyForDeploymentPostprocessing = 0;
			shellPath = /bin/sh;
			shellScript = "\"${PODS_ROOT}/Target Support Files/Pods-tableView/Pods-tableView-frameworks.sh\"\n";
			showEnvVarsInLog = 0;
		};
/* End PBXShellScriptBuildPhase section */

/* Begin PBXSourcesBuildPhase section */
		39E5992C22C4977E00EB933B /* Sources */ = {
			isa = PBXSourcesBuildPhase;
			buildActionMask = 2147483647;
			files = (
				39E5993622C4977F00EB933B /* ViewController.swift in Sources */,
				39E5994A22C49F8D00EB933B /* LottoCell.swift in Sources */,
				39E5993422C4977F00EB933B /* AppDelegate.swift in Sources */,
			);
			runOnlyForDeploymentPostprocessing = 0;
		};
/* End PBXSourcesBuildPhase section */

/* Begin PBXVariantGroup section */
		39E5993722C4977F00EB933B /* Main.storyboard */ = {
			isa = PBXVariantGroup;
			children = (
				39E5993822C4977F00EB933B /* Base */,
			);
			name = Main.storyboard;
			sourceTree = "<group>";
		};
		39E5993C22C4977F00EB933B /* LaunchScreen.storyboard */ = {
			isa = PBXVariantGroup;
			children = (
				39E5993D22C4977F00EB933B /* Base */,
			);
			name = LaunchScreen.storyboard;
			sourceTree = "<group>";
		};
/* End PBXVariantGroup section */

/* Begin XCBuildConfiguration section */
		39E5994022C4977F00EB933B /* Debug */ = {
			isa = XCBuildConfiguration;
			buildSettings = {
				ALWAYS_SEARCH_USER_PATHS = NO;
				CLANG_ANALYZER_NONNULL = YES;
				CLANG_ANALYZER_NUMBER_OBJECT_CONVERSION = YES_AGGRESSIVE;
				CLANG_CXX_LANGUAGE_STANDARD = "gnu++14";
				CLANG_CXX_LIBRARY = "libc++";
				CLANG_ENABLE_MODULES = YES;
				CLANG_ENABLE_OBJC_ARC = YES;
				CLANG_ENABLE_OBJC_WEAK = YES;
				CLANG_WARN_BLOCK_CAPTURE_AUTORELEASING = YES;
				CLANG_WARN_BOOL_CONVERSION = YES;
				CLANG_WARN_COMMA = YES;
				CLANG_WARN_CONSTANT_CONVERSION = YES;
				CLANG_WARN_DEPRECATED_OBJC_IMPLEMENTATIONS = YES;
				CLANG_WARN_DIRECT_OBJC_ISA_USAGE = YES_ERROR;
				CLANG_WARN_DOCUMENTATION_COMMENTS = YES;
				CLANG_WARN_EMPTY_BODY = YES;
				CLANG_WARN_ENUM_CONVERSION = YES;
				CLANG_WARN_INFINITE_RECURSION = YES;
				CLANG_WARN_INT_CONVERSION = YES;
				CLANG_WARN_NON_LITERAL_NULL_CONVERSION = YES;
				CLANG_WARN_OBJC_IMPLICIT_RETAIN_SELF = YES;
				CLANG_WARN_OBJC_LITERAL_CONVERSION = YES;
				CLANG_WARN_OBJC_ROOT_CLASS = YES_ERROR;
				CLANG_WARN_RANGE_LOOP_ANALYSIS = YES;
				CLANG_WARN_STRICT_PROTOTYPES = YES;
				CLANG_WARN_SUSPICIOUS_MOVE = YES;
				CLANG_WARN_UNGUARDED_AVAILABILITY = YES_AGGRESSIVE;
				CLANG_WARN_UNREACHABLE_CODE = YES;
				CLANG_WARN__DUPLICATE_METHOD_MATCH = YES;
				CODE_SIGN_IDENTITY = "iPhone Developer";
				COPY_PHASE_STRIP = NO;
				DEBUG_INFORMATION_FORMAT = dwarf;
				ENABLE_STRICT_OBJC_MSGSEND = YES;
				ENABLE_TESTABILITY = YES;
				GCC_C_LANGUAGE_STANDARD = gnu11;
				GCC_DYNAMIC_NO_PIC = NO;
				GCC_NO_COMMON_BLOCKS = YES;
				GCC_OPTIMIZATION_LEVEL = 0;
				GCC_PREPROCESSOR_DEFINITIONS = (
					"DEBUG=1",
					"$(inherited)",
				);
				GCC_WARN_64_TO_32_BIT_CONVERSION = YES;
				GCC_WARN_ABOUT_RETURN_TYPE = YES_ERROR;
				GCC_WARN_UNDECLARED_SELECTOR = YES;
				GCC_WARN_UNINITIALIZED_AUTOS = YES_AGGRESSIVE;
				GCC_WARN_UNUSED_FUNCTION = YES;
				GCC_WARN_UNUSED_VARIABLE = YES;
				IPHONEOS_DEPLOYMENT_TARGET = 12.2;
				MTL_ENABLE_DEBUG_INFO = INCLUDE_SOURCE;
				MTL_FAST_MATH = YES;
				ONLY_ACTIVE_ARCH = YES;
				SDKROOT = iphoneos;
				SWIFT_ACTIVE_COMPILATION_CONDITIONS = DEBUG;
				SWIFT_OPTIMIZATION_LEVEL = "-Onone";
			};
			name = Debug;
		};
		39E5994122C4977F00EB933B /* Release */ = {
			isa = XCBuildConfiguration;
			buildSettings = {
				ALWAYS_SEARCH_USER_PATHS = NO;
				CLANG_ANALYZER_NONNULL = YES;
				CLANG_ANALYZER_NUMBER_OBJECT_CONVERSION = YES_AGGRESSIVE;
				CLANG_CXX_LANGUAGE_STANDARD = "gnu++14";
				CLANG_CXX_LIBRARY = "libc++";
				CLANG_ENABLE_MODULES = YES;
				CLANG_ENABLE_OBJC_ARC = YES;
				CLANG_ENABLE_OBJC_WEAK = YES;
				CLANG_WARN_BLOCK_CAPTURE_AUTORELEASING = YES;
				CLANG_WARN_BOOL_CONVERSION = YES;
				CLANG_WARN_COMMA = YES;
				CLANG_WARN_CONSTANT_CONVERSION = YES;
				CLANG_WARN_DEPRECATED_OBJC_IMPLEMENTATIONS = YES;
				CLANG_WARN_DIRECT_OBJC_ISA_USAGE = YES_ERROR;
				CLANG_WARN_DOCUMENTATION_COMMENTS = YES;
				CLANG_WARN_EMPTY_BODY = YES;
				CLANG_WARN_ENUM_CONVERSION = YES;
				CLANG_WARN_INFINITE_RECURSION = YES;
				CLANG_WARN_INT_CONVERSION = YES;
				CLANG_WARN_NON_LITERAL_NULL_CONVERSION = YES;
				CLANG_WARN_OBJC_IMPLICIT_RETAIN_SELF = YES;
				CLANG_WARN_OBJC_LITERAL_CONVERSION = YES;
				CLANG_WARN_OBJC_ROOT_CLASS = YES_ERROR;
				CLANG_WARN_RANGE_LOOP_ANALYSIS = YES;
				CLANG_WARN_STRICT_PROTOTYPES = YES;
				CLANG_WARN_SUSPICIOUS_MOVE = YES;
				CLANG_WARN_UNGUARDED_AVAILABILITY = YES_AGGRESSIVE;
				CLANG_WARN_UNREACHABLE_CODE = YES;
				CLANG_WARN__DUPLICATE_METHOD_MATCH = YES;
				CODE_SIGN_IDENTITY = "iPhone Developer";
				COPY_PHASE_STRIP = NO;
				DEBUG_INFORMATION_FORMAT = "dwarf-with-dsym";
				ENABLE_NS_ASSERTIONS = NO;
				ENABLE_STRICT_OBJC_MSGSEND = YES;
				GCC_C_LANGUAGE_STANDARD = gnu11;
				GCC_NO_COMMON_BLOCKS = YES;
				GCC_WARN_64_TO_32_BIT_CONVERSION = YES;
				GCC_WARN_ABOUT_RETURN_TYPE = YES_ERROR;
				GCC_WARN_UNDECLARED_SELECTOR = YES;
				GCC_WARN_UNINITIALIZED_AUTOS = YES_AGGRESSIVE;
				GCC_WARN_UNUSED_FUNCTION = YES;
				GCC_WARN_UNUSED_VARIABLE = YES;
				IPHONEOS_DEPLOYMENT_TARGET = 12.2;
				MTL_ENABLE_DEBUG_INFO = NO;
				MTL_FAST_MATH = YES;
				SDKROOT = iphoneos;
				SWIFT_COMPILATION_MODE = wholemodule;
				SWIFT_OPTIMIZATION_LEVEL = "-O";
				VALIDATE_PRODUCT = YES;
			};
			name = Release;
		};
		39E5994322C4977F00EB933B /* Debug */ = {
			isa = XCBuildConfiguration;
			baseConfigurationReference = 23877D2A12963AC38E7E67AF /* Pods-tableView.debug.xcconfig */;
			buildSettings = {
				ASSETCATALOG_COMPILER_APPICON_NAME = AppIcon;
				CODE_SIGN_STYLE = Automatic;
				INFOPLIST_FILE = tableView/Info.plist;
				LD_RUNPATH_SEARCH_PATHS = (
					"$(inherited)",
					"@executable_path/Frameworks",
				);
				PRODUCT_BUNDLE_IDENTIFIER = kr.ac.swu.tableView;
				PRODUCT_NAME = "$(TARGET_NAME)";
				SWIFT_VERSION = 5.0;
				TARGETED_DEVICE_FAMILY = "1,2";
			};
			name = Debug;
		};
		39E5994422C4977F00EB933B /* Release */ = {
			isa = XCBuildConfiguration;
			baseConfigurationReference = 76D48C369EFC7F893C7F2B80 /* Pods-tableView.release.xcconfig */;
			buildSettings = {
				ASSETCATALOG_COMPILER_APPICON_NAME = AppIcon;
				CODE_SIGN_STYLE = Automatic;
				INFOPLIST_FILE = tableView/Info.plist;
				LD_RUNPATH_SEARCH_PATHS = (
					"$(inherited)",
					"@executable_path/Frameworks",
				);
				PRODUCT_BUNDLE_IDENTIFIER = kr.ac.swu.tableView;
				PRODUCT_NAME = "$(TARGET_NAME)";
				SWIFT_VERSION = 5.0;
				TARGETED_DEVICE_FAMILY = "1,2";
			};
			name = Release;
		};
/* End XCBuildConfiguration section */

/* Begin XCConfigurationList section */
		39E5992B22C4977E00EB933B /* Build configuration list for PBXProject "tableView" */ = {
			isa = XCConfigurationList;
			buildConfigurations = (
				39E5994022C4977F00EB933B /* Debug */,
				39E5994122C4977F00EB933B /* Release */,
			);
			defaultConfigurationIsVisible = 0;
			defaultConfigurationName = Release;
		};
		39E5994222C4977F00EB933B /* Build configuration list for PBXNativeTarget "tableView" */ = {
			isa = XCConfigurationList;
			buildConfigurations = (
				39E5994322C4977F00EB933B /* Debug */,
				39E5994422C4977F00EB933B /* Release */,
			);
			defaultConfigurationIsVisible = 0;
			defaultConfigurationName = Release;
		};
/* End XCConfigurationList section */
	};
	rootObject = 39E5992822C4977E00EB933B /* Project object */;
}
