// !$*UTF8*$!
{
	archiveVersion = 1;
	classes = {
	};
	objectVersion = 50;
	objects = {

/* Begin PBXBuildFile section */
		39FE5C8122CB269F00C34479 /* AppDelegate.swift in Sources */ = {isa = PBXBuildFile; fileRef = 39FE5C8022CB269F00C34479 /* AppDelegate.swift */; };
		39FE5C8322CB269F00C34479 /* ViewController.swift in Sources */ = {isa = PBXBuildFile; fileRef = 39FE5C8222CB269F00C34479 /* ViewController.swift */; };
		39FE5C8622CB269F00C34479 /* Main.storyboard in Resources */ = {isa = PBXBuildFile; fileRef = 39FE5C8422CB269F00C34479 /* Main.storyboard */; };
		39FE5C8922CB269F00C34479 /* CoreDatabase.xcdatamodeld in Sources */ = {isa = PBXBuildFile; fileRef = 39FE5C8722CB269F00C34479 /* CoreDatabase.xcdatamodeld */; };
		39FE5C8B22CB269F00C34479 /* Assets.xcassets in Resources */ = {isa = PBXBuildFile; fileRef = 39FE5C8A22CB269F00C34479 /* Assets.xcassets */; };
		39FE5C8E22CB269F00C34479 /* LaunchScreen.storyboard in Resources */ = {isa = PBXBuildFile; fileRef = 39FE5C8C22CB269F00C34479 /* LaunchScreen.storyboard */; };
		48AF24B3DAA84065A66D4E8A /* Pods_CoreDatabase.framework in Frameworks */ = {isa = PBXBuildFile; fileRef = 01D5276FC1E3B913804FD258 /* Pods_CoreDatabase.framework */; };
/* End PBXBuildFile section */

/* Begin PBXFileReference section */
		01D5276FC1E3B913804FD258 /* Pods_CoreDatabase.framework */ = {isa = PBXFileReference; explicitFileType = wrapper.framework; includeInIndex = 0; path = Pods_CoreDatabase.framework; sourceTree = BUILT_PRODUCTS_DIR; };
		093E18AD82A6D4CDD119F387 /* Pods-CoreDatabase.debug.xcconfig */ = {isa = PBXFileReference; includeInIndex = 1; lastKnownFileType = text.xcconfig; name = "Pods-CoreDatabase.debug.xcconfig"; path = "Target Support Files/Pods-CoreDatabase/Pods-CoreDatabase.debug.xcconfig"; sourceTree = "<group>"; };
		39FE5C7D22CB269F00C34479 /* CoreDatabase.app */ = {isa = PBXFileReference; explicitFileType = wrapper.application; includeInIndex = 0; path = CoreDatabase.app; sourceTree = BUILT_PRODUCTS_DIR; };
		39FE5C8022CB269F00C34479 /* AppDelegate.swift */ = {isa = PBXFileReference; lastKnownFileType = sourcecode.swift; path = AppDelegate.swift; sourceTree = "<group>"; };
		39FE5C8222CB269F00C34479 /* ViewController.swift */ = {isa = PBXFileReference; lastKnownFileType = sourcecode.swift; path = ViewController.swift; sourceTree = "<group>"; };
		39FE5C8522CB269F00C34479 /* Base */ = {isa = PBXFileReference; lastKnownFileType = file.storyboard; name = Base; path = Base.lproj/Main.storyboard; sourceTree = "<group>"; };
		39FE5C8822CB269F00C34479 /* CoreDatabase.xcdatamodel */ = {isa = PBXFileReference; lastKnownFileType = wrapper.xcdatamodel; path = CoreDatabase.xcdatamodel; sourceTree = "<group>"; };
		39FE5C8A22CB269F00C34479 /* Assets.xcassets */ = {isa = PBXFileReference; lastKnownFileType = folder.assetcatalog; path = Assets.xcassets; sourceTree = "<group>"; };
		39FE5C8D22CB269F00C34479 /* Base */ = {isa = PBXFileReference; lastKnownFileType = file.storyboard; name = Base; path = Base.lproj/LaunchScreen.storyboard; sourceTree = "<group>"; };
		39FE5C8F22CB269F00C34479 /* Info.plist */ = {isa = PBXFileReference; lastKnownFileType = text.plist.xml; path = Info.plist; sourceTree = "<group>"; };
		D17211DA0BC9491AB45422D6 /* Pods-CoreDatabase.release.xcconfig */ = {isa = PBXFileReference; includeInIndex = 1; lastKnownFileType = text.xcconfig; name = "Pods-CoreDatabase.release.xcconfig"; path = "Target Support Files/Pods-CoreDatabase/Pods-CoreDatabase.release.xcconfig"; sourceTree = "<group>"; };
/* End PBXFileReference section */

/* Begin PBXFrameworksBuildPhase section */
		39FE5C7A22CB269F00C34479 /* Frameworks */ = {
			isa = PBXFrameworksBuildPhase;
			buildActionMask = 2147483647;
			files = (
				48AF24B3DAA84065A66D4E8A /* Pods_CoreDatabase.framework in Frameworks */,
			);
			runOnlyForDeploymentPostprocessing = 0;
		};
/* End PBXFrameworksBuildPhase section */

/* Begin PBXGroup section */
		39FE5C7422CB269F00C34479 = {
			isa = PBXGroup;
			children = (
				39FE5C7F22CB269F00C34479 /* CoreDatabase */,
				39FE5C7E22CB269F00C34479 /* Products */,
				EBD026A2485B69CCD376CF00 /* Pods */,
				CA961131689CC3F0C32FB096 /* Frameworks */,
			);
			sourceTree = "<group>";
		};
		39FE5C7E22CB269F00C34479 /* Products */ = {
			isa = PBXGroup;
			children = (
				39FE5C7D22CB269F00C34479 /* CoreDatabase.app */,
			);
			name = Products;
			sourceTree = "<group>";
		};
		39FE5C7F22CB269F00C34479 /* CoreDatabase */ = {
			isa = PBXGroup;
			children = (
				39FE5C8022CB269F00C34479 /* AppDelegate.swift */,
				39FE5C8222CB269F00C34479 /* ViewController.swift */,
				39FE5C8422CB269F00C34479 /* Main.storyboard */,
				39FE5C8A22CB269F00C34479 /* Assets.xcassets */,
				39FE5C8C22CB269F00C34479 /* LaunchScreen.storyboard */,
				39FE5C8F22CB269F00C34479 /* Info.plist */,
				39FE5C8722CB269F00C34479 /* CoreDatabase.xcdatamodeld */,
			);
			path = CoreDatabase;
			sourceTree = "<group>";
		};
		CA961131689CC3F0C32FB096 /* Frameworks */ = {
			isa = PBXGroup;
			children = (
				01D5276FC1E3B913804FD258 /* Pods_CoreDatabase.framework */,
			);
			name = Frameworks;
			sourceTree = "<group>";
		};
		EBD026A2485B69CCD376CF00 /* Pods */ = {
			isa = PBXGroup;
			children = (
				093E18AD82A6D4CDD119F387 /* Pods-CoreDatabase.debug.xcconfig */,
				D17211DA0BC9491AB45422D6 /* Pods-CoreDatabase.release.xcconfig */,
			);
			name = Pods;
			path = Pods;
			sourceTree = "<group>";
		};
/* End PBXGroup section */

/* Begin PBXNativeTarget section */
		39FE5C7C22CB269F00C34479 /* CoreDatabase */ = {
			isa = PBXNativeTarget;
			buildConfigurationList = 39FE5C9222CB269F00C34479 /* Build configuration list for PBXNativeTarget "CoreDatabase" */;
			buildPhases = (
				5F80AD68F56FCD2F4EF07FC9 /* [CP] Check Pods Manifest.lock */,
				39FE5C7922CB269F00C34479 /* Sources */,
				39FE5C7A22CB269F00C34479 /* Frameworks */,
				39FE5C7B22CB269F00C34479 /* Resources */,
			);
			buildRules = (
			);
			dependencies = (
			);
			name = CoreDatabase;
			productName = CoreDatabase;
			productReference = 39FE5C7D22CB269F00C34479 /* CoreDatabase.app */;
			productType = "com.apple.product-type.application";
		};
/* End PBXNativeTarget section */

/* Begin PBXProject section */
		39FE5C7522CB269F00C34479 /* Project object */ = {
			isa = PBXProject;
			attributes = {
				LastSwiftUpdateCheck = 1020;
				LastUpgradeCheck = 1020;
				ORGANIZATIONNAME = "Digital Media Dept";
				TargetAttributes = {
					39FE5C7C22CB269F00C34479 = {
						CreatedOnToolsVersion = 10.2.1;
					};
				};
			};
			buildConfigurationList = 39FE5C7822CB269F00C34479 /* Build configuration list for PBXProject "CoreDatabase" */;
			compatibilityVersion = "Xcode 9.3";
			developmentRegion = en;
			hasScannedForEncodings = 0;
			knownRegions = (
				en,
				Base,
			);
			mainGroup = 39FE5C7422CB269F00C34479;
			productRefGroup = 39FE5C7E22CB269F00C34479 /* Products */;
			projectDirPath = "";
			projectRoot = "";
			targets = (
				39FE5C7C22CB269F00C34479 /* CoreDatabase */,
			);
		};
/* End PBXProject section */

/* Begin PBXResourcesBuildPhase section */
		39FE5C7B22CB269F00C34479 /* Resources */ = {
			isa = PBXResourcesBuildPhase;
			buildActionMask = 2147483647;
			files = (
				39FE5C8E22CB269F00C34479 /* LaunchScreen.storyboard in Resources */,
				39FE5C8B22CB269F00C34479 /* Assets.xcassets in Resources */,
				39FE5C8622CB269F00C34479 /* Main.storyboard in Resources */,
			);
			runOnlyForDeploymentPostprocessing = 0;
		};
/* End PBXResourcesBuildPhase section */

/* Begin PBXShellScriptBuildPhase section */
		5F80AD68F56FCD2F4EF07FC9 /* [CP] Check Pods Manifest.lock */ = {
			isa = PBXShellScriptBuildPhase;
			buildActionMask = 2147483647;
			files = (
			);
			inputFileListPaths = (
			);
			inputPaths = (
				"${PODS_PODFILE_DIR_PATH}/Podfile.lock",
				"${PODS_ROOT}/Manifest.lock",
			);
			name = "[CP] Check Pods Manifest.lock";
			outputFileListPaths = (
			);
			outputPaths = (
				"$(DERIVED_FILE_DIR)/Pods-CoreDatabase-checkManifestLockResult.txt",
			);
			runOnlyForDeploymentPostprocessing = 0;
			shellPath = /bin/sh;
			shellScript = "diff \"${PODS_PODFILE_DIR_PATH}/Podfile.lock\" \"${PODS_ROOT}/Manifest.lock\" > /dev/null\nif [ $? != 0 ] ; then\n    # print error to STDERR\n    echo \"error: The sandbox is not in sync with the Podfile.lock. Run 'pod install' or update your CocoaPods installation.\" >&2\n    exit 1\nfi\n# This output is used by Xcode 'outputs' to avoid re-running this script phase.\necho \"SUCCESS\" > \"${SCRIPT_OUTPUT_FILE_0}\"\n";
			showEnvVarsInLog = 0;
		};
/* End PBXShellScriptBuildPhase section */

/* Begin PBXSourcesBuildPhase section */
		39FE5C7922CB269F00C34479 /* Sources */ = {
			isa = PBXSourcesBuildPhase;
			buildActionMask = 2147483647;
			files = (
				39FE5C8322CB269F00C34479 /* ViewController.swift in Sources */,
				39FE5C8122CB269F00C34479 /* AppDelegate.swift in Sources */,
				39FE5C8922CB269F00C34479 /* CoreDatabase.xcdatamodeld in Sources */,
			);
			runOnlyForDeploymentPostprocessing = 0;
		};
/* End PBXSourcesBuildPhase section */

/* Begin PBXVariantGroup section */
		39FE5C8422CB269F00C34479 /* Main.storyboard */ = {
			isa = PBXVariantGroup;
			children = (
				39FE5C8522CB269F00C34479 /* Base */,
			);
			name = Main.storyboard;
			sourceTree = "<group>";
		};
		39FE5C8C22CB269F00C34479 /* LaunchScreen.storyboard */ = {
			isa = PBXVariantGroup;
			children = (
				39FE5C8D22CB269F00C34479 /* Base */,
			);
			name = LaunchScreen.storyboard;
			sourceTree = "<group>";
		};
/* End PBXVariantGroup section */

/* Begin XCBuildConfiguration section */
		39FE5C9022CB269F00C34479 /* Debug */ = {
			isa = XCBuildConfiguration;
			buildSettings = {
				ALWAYS_SEARCH_USER_PATHS = NO;
				CLANG_ANALYZER_NONNULL = YES;
				CLANG_ANALYZER_NUMBER_OBJECT_CONVERSION = YES_AGGRESSIVE;
				CLANG_CXX_LANGUAGE_STANDARD = "gnu++14";
				CLANG_CXX_LIBRARY = "libc++";
				CLANG_ENABLE_MODULES = YES;
				CLANG_ENABLE_OBJC_ARC = YES;
				CLANG_ENABLE_OBJC_WEAK = YES;
				CLANG_WARN_BLOCK_CAPTURE_AUTORELEASING = YES;
				CLANG_WARN_BOOL_CONVERSION = YES;
				CLANG_WARN_COMMA = YES;
				CLANG_WARN_CONSTANT_CONVERSION = YES;
				CLANG_WARN_DEPRECATED_OBJC_IMPLEMENTATIONS = YES;
				CLANG_WARN_DIRECT_OBJC_ISA_USAGE = YES_ERROR;
				CLANG_WARN_DOCUMENTATION_COMMENTS = YES;
				CLANG_WARN_EMPTY_BODY = YES;
				CLANG_WARN_ENUM_CONVERSION = YES;
				CLANG_WARN_INFINITE_RECURSION = YES;
				CLANG_WARN_INT_CONVERSION = YES;
				CLANG_WARN_NON_LITERAL_NULL_CONVERSION = YES;
				CLANG_WARN_OBJC_IMPLICIT_RETAIN_SELF = YES;
				CLANG_WARN_OBJC_LITERAL_CONVERSION = YES;
				CLANG_WARN_OBJC_ROOT_CLASS = YES_ERROR;
				CLANG_WARN_RANGE_LOOP_ANALYSIS = YES;
				CLANG_WARN_STRICT_PROTOTYPES = YES;
				CLANG_WARN_SUSPICIOUS_MOVE = YES;
				CLANG_WARN_UNGUARDED_AVAILABILITY = YES_AGGRESSIVE;
				CLANG_WARN_UNREACHABLE_CODE = YES;
				CLANG_WARN__DUPLICATE_METHOD_MATCH = YES;
				CODE_SIGN_IDENTITY = "iPhone Developer";
				COPY_PHASE_STRIP = NO;
				DEBUG_INFORMATION_FORMAT = dwarf;
				ENABLE_STRICT_OBJC_MSGSEND = YES;
				ENABLE_TESTABILITY = YES;
				GCC_C_LANGUAGE_STANDARD = gnu11;
				GCC_DYNAMIC_NO_PIC = NO;
				GCC_NO_COMMON_BLOCKS = YES;
				GCC_OPTIMIZATION_LEVEL = 0;
				GCC_PREPROCESSOR_DEFINITIONS = (
					"DEBUG=1",
					"$(inherited)",
				);
				GCC_WARN_64_TO_32_BIT_CONVERSION = YES;
				GCC_WARN_ABOUT_RETURN_TYPE = YES_ERROR;
				GCC_WARN_UNDECLARED_SELECTOR = YES;
				GCC_WARN_UNINITIALIZED_AUTOS = YES_AGGRESSIVE;
				GCC_WARN_UNUSED_FUNCTION = YES;
				GCC_WARN_UNUSED_VARIABLE = YES;
				IPHONEOS_DEPLOYMENT_TARGET = 12.2;
				MTL_ENABLE_DEBUG_INFO = INCLUDE_SOURCE;
				MTL_FAST_MATH = YES;
				ONLY_ACTIVE_ARCH = YES;
				SDKROOT = iphoneos;
				SWIFT_ACTIVE_COMPILATION_CONDITIONS = DEBUG;
				SWIFT_OPTIMIZATION_LEVEL = "-Onone";
			};
			name = Debug;
		};
		39FE5C9122CB269F00C34479 /* Release */ = {
			isa = XCBuildConfiguration;
			buildSettings = {
				ALWAYS_SEARCH_USER_PATHS = NO;
				CLANG_ANALYZER_NONNULL = YES;
				CLANG_ANALYZER_NUMBER_OBJECT_CONVERSION = YES_AGGRESSIVE;
				CLANG_CXX_LANGUAGE_STANDARD = "gnu++14";
				CLANG_CXX_LIBRARY = "libc++";
				CLANG_ENABLE_MODULES = YES;
				CLANG_ENABLE_OBJC_ARC = YES;
				CLANG_ENABLE_OBJC_WEAK = YES;
				CLANG_WARN_BLOCK_CAPTURE_AUTORELEASING = YES;
				CLANG_WARN_BOOL_CONVERSION = YES;
				CLANG_WARN_COMMA = YES;
				CLANG_WARN_CONSTANT_CONVERSION = YES;
				CLANG_WARN_DEPRECATED_OBJC_IMPLEMENTATIONS = YES;
				CLANG_WARN_DIRECT_OBJC_ISA_USAGE = YES_ERROR;
				CLANG_WARN_DOCUMENTATION_COMMENTS = YES;
				CLANG_WARN_EMPTY_BODY = YES;
				CLANG_WARN_ENUM_CONVERSION = YES;
				CLANG_WARN_INFINITE_RECURSION = YES;
				CLANG_WARN_INT_CONVERSION = YES;
				CLANG_WARN_NON_LITERAL_NULL_CONVERSION = YES;
				CLANG_WARN_OBJC_IMPLICIT_RETAIN_SELF = YES;
				CLANG_WARN_OBJC_LITERAL_CONVERSION = YES;
				CLANG_WARN_OBJC_ROOT_CLASS = YES_ERROR;
				CLANG_WARN_RANGE_LOOP_ANALYSIS = YES;
				CLANG_WARN_STRICT_PROTOTYPES = YES;
				CLANG_WARN_SUSPICIOUS_MOVE = YES;
				CLANG_WARN_UNGUARDED_AVAILABILITY = YES_AGGRESSIVE;
				CLANG_WARN_UNREACHABLE_CODE = YES;
				CLANG_WARN__DUPLICATE_METHOD_MATCH = YES;
				CODE_SIGN_IDENTITY = "iPhone Developer";
				COPY_PHASE_STRIP = NO;
				DEBUG_INFORMATION_FORMAT = "dwarf-with-dsym";
				ENABLE_NS_ASSERTIONS = NO;
				ENABLE_STRICT_OBJC_MSGSEND = YES;
				GCC_C_LANGUAGE_STANDARD = gnu11;
				GCC_NO_COMMON_BLOCKS = YES;
				GCC_WARN_64_TO_32_BIT_CONVERSION = YES;
				GCC_WARN_ABOUT_RETURN_TYPE = YES_ERROR;
				GCC_WARN_UNDECLARED_SELECTOR = YES;
				GCC_WARN_UNINITIALIZED_AUTOS = YES_AGGRESSIVE;
				GCC_WARN_UNUSED_FUNCTION = YES;
				GCC_WARN_UNUSED_VARIABLE = YES;
				IPHONEOS_DEPLOYMENT_TARGET = 12.2;
				MTL_ENABLE_DEBUG_INFO = NO;
				MTL_FAST_MATH = YES;
				SDKROOT = iphoneos;
				SWIFT_COMPILATION_MODE = wholemodule;
				SWIFT_OPTIMIZATION_LEVEL = "-O";
				VALIDATE_PRODUCT = YES;
			};
			name = Release;
		};
		39FE5C9322CB269F00C34479 /* Debug */ = {
			isa = XCBuildConfiguration;
			baseConfigurationReference = 093E18AD82A6D4CDD119F387 /* Pods-CoreDatabase.debug.xcconfig */;
			buildSettings = {
				ASSETCATALOG_COMPILER_APPICON_NAME = AppIcon;
				CODE_SIGN_STYLE = Automatic;
				INFOPLIST_FILE = CoreDatabase/Info.plist;
				LD_RUNPATH_SEARCH_PATHS = (
					"$(inherited)",
					"@executable_path/Frameworks",
				);
				PRODUCT_BUNDLE_IDENTIFIER = kr.ac.swu.CoreDatabase;
				PRODUCT_NAME = "$(TARGET_NAME)";
				SWIFT_VERSION = 5.0;
				TARGETED_DEVICE_FAMILY = "1,2";
			};
			name = Debug;
		};
		39FE5C9422CB269F00C34479 /* Release */ = {
			isa = XCBuildConfiguration;
			baseConfigurationReference = D17211DA0BC9491AB45422D6 /* Pods-CoreDatabase.release.xcconfig */;
			buildSettings = {
				ASSETCATALOG_COMPILER_APPICON_NAME = AppIcon;
				CODE_SIGN_STYLE = Automatic;
				INFOPLIST_FILE = CoreDatabase/Info.plist;
				LD_RUNPATH_SEARCH_PATHS = (
					"$(inherited)",
					"@executable_path/Frameworks",
				);
				PRODUCT_BUNDLE_IDENTIFIER = kr.ac.swu.CoreDatabase;
				PRODUCT_NAME = "$(TARGET_NAME)";
				SWIFT_VERSION = 5.0;
				TARGETED_DEVICE_FAMILY = "1,2";
			};
			name = Release;
		};
/* End XCBuildConfiguration section */

/* Begin XCConfigurationList section */
		39FE5C7822CB269F00C34479 /* Build configuration list for PBXProject "CoreDatabase" */ = {
			isa = XCConfigurationList;
			buildConfigurations = (
				39FE5C9022CB269F00C34479 /* Debug */,
				39FE5C9122CB269F00C34479 /* Release */,
			);
			defaultConfigurationIsVisible = 0;
			defaultConfigurationName = Release;
		};
		39FE5C9222CB269F00C34479 /* Build configuration list for PBXNativeTarget "CoreDatabase" */ = {
			isa = XCConfigurationList;
			buildConfigurations = (
				39FE5C9322CB269F00C34479 /* Debug */,
				39FE5C9422CB269F00C34479 /* Release */,
			);
			defaultConfigurationIsVisible = 0;
			defaultConfigurationName = Release;
		};
/* End XCConfigurationList section */

/* Begin XCVersionGroup section */
		39FE5C8722CB269F00C34479 /* CoreDatabase.xcdatamodeld */ = {
			isa = XCVersionGroup;
			children = (
				39FE5C8822CB269F00C34479 /* CoreDatabase.xcdatamodel */,
			);
			currentVersion = 39FE5C8822CB269F00C34479 /* CoreDatabase.xcdatamodel */;
			path = CoreDatabase.xcdatamodeld;
			sourceTree = "<group>";
			versionGroupType = wrapper.xcdatamodel;
		};
/* End XCVersionGroup section */
	};
	rootObject = 39FE5C7522CB269F00C34479 /* Project object */;
}
